// !$*UTF8*$!
{
	archiveVersion = 1;
	classes = {
	};
	objectVersion = 50;
	objects = {

/* Begin PBXBuildFile section */
		A1C996E394E9A2CD45DCE12A /* libPods-ScreenAdaptation.a in Frameworks */ = {isa = PBXBuildFile; fileRef = D8FD2D11A61C7A2D9334BE8D /* libPods-ScreenAdaptation.a */; };
		BB3F885E212D33A500A797A0 /* AppDelegate.m in Sources */ = {isa = PBXBuildFile; fileRef = BB3F885D212D33A500A797A0 /* AppDelegate.m */; };
		BB3F8861212D33A500A797A0 /* ViewController.m in Sources */ = {isa = PBXBuildFile; fileRef = BB3F8860212D33A500A797A0 /* ViewController.m */; };
		BB3F8864212D33A500A797A0 /* Main.storyboard in Resources */ = {isa = PBXBuildFile; fileRef = BB3F8862212D33A500A797A0 /* Main.storyboard */; };
		BB3F8866212D33A700A797A0 /* Assets.xcassets in Resources */ = {isa = PBXBuildFile; fileRef = BB3F8865212D33A700A797A0 /* Assets.xcassets */; };
		BB3F8869212D33A700A797A0 /* LaunchScreen.storyboard in Resources */ = {isa = PBXBuildFile; fileRef = BB3F8867212D33A700A797A0 /* LaunchScreen.storyboard */; };
		BB3F886C212D33A700A797A0 /* main.m in Sources */ = {isa = PBXBuildFile; fileRef = BB3F886B212D33A700A797A0 /* main.m */; };
		BB3F8875212D3BC600A797A0 /* HomeTableViewCell.m in Sources */ = {isa = PBXBuildFile; fileRef = BB3F8874212D3BC600A797A0 /* HomeTableViewCell.m */; };
		BBA18552212D674B0026765F /* PlanB-iPhone 8.png in Resources */ = {isa = PBXBuildFile; fileRef = BBA1854E212D674A0026765F /* PlanB-iPhone 8.png */; };
		BBA18553212D674B0026765F /* PlanB-iPhone SE.png in Resources */ = {isa = PBXBuildFile; fileRef = BBA1854F212D674A0026765F /* PlanB-iPhone SE.png */; };
		BBA18554212D674B0026765F /* PlanB-iPhone 8 Plus.png in Resources */ = {isa = PBXBuildFile; fileRef = BBA18550212D674A0026765F /* PlanB-iPhone 8 Plus.png */; };
		BBA18555212D674B0026765F /* PlanB-PlanB-iPhone X.png in Resources */ = {isa = PBXBuildFile; fileRef = BBA18551212D674A0026765F /* PlanB-PlanB-iPhone X.png */; };
		BBC50391212D5FEE00295ABF /* PlanA-iPhone X.png in Resources */ = {isa = PBXBuildFile; fileRef = BBC5038D212D5FEE00295ABF /* PlanA-iPhone X.png */; };
		BBC50392212D5FEE00295ABF /* PlanA-iPhone SE.png in Resources */ = {isa = PBXBuildFile; fileRef = BBC5038E212D5FEE00295ABF /* PlanA-iPhone SE.png */; };
		BBC50393212D5FEE00295ABF /* PlanA-iPhone 8.png in Resources */ = {isa = PBXBuildFile; fileRef = BBC5038F212D5FEE00295ABF /* PlanA-iPhone 8.png */; };
		BBC50394212D5FEE00295ABF /* PlanA-iPhone 8 Plus.png in Resources */ = {isa = PBXBuildFile; fileRef = BBC50390212D5FEE00295ABF /* PlanA-iPhone 8 Plus.png */; };
/* End PBXBuildFile section */

/* Begin PBXFileReference section */
		9AFDD990C7581F35C492A600 /* Pods-ScreenAdaptation.release.xcconfig */ = {isa = PBXFileReference; includeInIndex = 1; lastKnownFileType = text.xcconfig; name = "Pods-ScreenAdaptation.release.xcconfig"; path = "Pods/Target Support Files/Pods-ScreenAdaptation/Pods-ScreenAdaptation.release.xcconfig"; sourceTree = "<group>"; };
		BB3F8859212D33A500A797A0 /* ScreenAdaptation.app */ = {isa = PBXFileReference; explicitFileType = wrapper.application; includeInIndex = 0; path = ScreenAdaptation.app; sourceTree = BUILT_PRODUCTS_DIR; };
		BB3F885C212D33A500A797A0 /* AppDelegate.h */ = {isa = PBXFileReference; lastKnownFileType = sourcecode.c.h; path = AppDelegate.h; sourceTree = "<group>"; };
		BB3F885D212D33A500A797A0 /* AppDelegate.m */ = {isa = PBXFileReference; lastKnownFileType = sourcecode.c.objc; path = AppDelegate.m; sourceTree = "<group>"; };
		BB3F885F212D33A500A797A0 /* ViewController.h */ = {isa = PBXFileReference; lastKnownFileType = sourcecode.c.h; path = ViewController.h; sourceTree = "<group>"; };
		BB3F8860212D33A500A797A0 /* ViewController.m */ = {isa = PBXFileReference; lastKnownFileType = sourcecode.c.objc; path = ViewController.m; sourceTree = "<group>"; };
		BB3F8863212D33A500A797A0 /* Base */ = {isa = PBXFileReference; lastKnownFileType = file.storyboard; name = Base; path = Base.lproj/Main.storyboard; sourceTree = "<group>"; };
		BB3F8865212D33A700A797A0 /* Assets.xcassets */ = {isa = PBXFileReference; lastKnownFileType = folder.assetcatalog; path = Assets.xcassets; sourceTree = "<group>"; };
		BB3F8868212D33A700A797A0 /* Base */ = {isa = PBXFileReference; lastKnownFileType = file.storyboard; name = Base; path = Base.lproj/LaunchScreen.storyboard; sourceTree = "<group>"; };
		BB3F886A212D33A700A797A0 /* Info.plist */ = {isa = PBXFileReference; lastKnownFileType = text.plist.xml; path = Info.plist; sourceTree = "<group>"; };
		BB3F886B212D33A700A797A0 /* main.m */ = {isa = PBXFileReference; lastKnownFileType = sourcecode.c.objc; path = main.m; sourceTree = "<group>"; };
		BB3F8872212D342F00A797A0 /* PrefixHeader.pch */ = {isa = PBXFileReference; lastKnownFileType = sourcecode.c.h; path = PrefixHeader.pch; sourceTree = "<group>"; };
		BB3F8873212D3BC600A797A0 /* HomeTableViewCell.h */ = {isa = PBXFileReference; lastKnownFileType = sourcecode.c.h; path = HomeTableViewCell.h; sourceTree = "<group>"; };
		BB3F8874212D3BC600A797A0 /* HomeTableViewCell.m */ = {isa = PBXFileReference; lastKnownFileType = sourcecode.c.objc; path = HomeTableViewCell.m; sourceTree = "<group>"; };
		BB551BFD835C8B3B5DFAEDF9 /* Pods-ScreenAdaptation.debug.xcconfig */ = {isa = PBXFileReference; includeInIndex = 1; lastKnownFileType = text.xcconfig; name = "Pods-ScreenAdaptation.debug.xcconfig"; path = "Pods/Target Support Files/Pods-ScreenAdaptation/Pods-ScreenAdaptation.debug.xcconfig"; sourceTree = "<group>"; };
		BBA1854E212D674A0026765F /* PlanB-iPhone 8.png */ = {isa = PBXFileReference; lastKnownFileType = image.png; path = "PlanB-iPhone 8.png"; sourceTree = "<group>"; };
		BBA1854F212D674A0026765F /* PlanB-iPhone SE.png */ = {isa = PBXFileReference; lastKnownFileType = image.png; path = "PlanB-iPhone SE.png"; sourceTree = "<group>"; };
		BBA18550212D674A0026765F /* PlanB-iPhone 8 Plus.png */ = {isa = PBXFileReference; lastKnownFileType = image.png; path = "PlanB-iPhone 8 Plus.png"; sourceTree = "<group>"; };
		BBA18551212D674A0026765F /* PlanB-PlanB-iPhone X.png */ = {isa = PBXFileReference; lastKnownFileType = image.png; path = "PlanB-PlanB-iPhone X.png"; sourceTree = "<group>"; };
		BBC5038D212D5FEE00295ABF /* PlanA-iPhone X.png */ = {isa = PBXFileReference; lastKnownFileType = image.png; path = "PlanA-iPhone X.png"; sourceTree = "<group>"; };
		BBC5038E212D5FEE00295ABF /* PlanA-iPhone SE.png */ = {isa = PBXFileReference; lastKnownFileType = image.png; path = "PlanA-iPhone SE.png"; sourceTree = "<group>"; };
		BBC5038F212D5FEE00295ABF /* PlanA-iPhone 8.png */ = {isa = PBXFileReference; lastKnownFileType = image.png; path = "PlanA-iPhone 8.png"; sourceTree = "<group>"; };
		BBC50390212D5FEE00295ABF /* PlanA-iPhone 8 Plus.png */ = {isa = PBXFileReference; lastKnownFileType = image.png; path = "PlanA-iPhone 8 Plus.png"; sourceTree = "<group>"; };
		D8FD2D11A61C7A2D9334BE8D /* libPods-ScreenAdaptation.a */ = {isa = PBXFileReference; explicitFileType = archive.ar; includeInIndex = 0; path = "libPods-ScreenAdaptation.a"; sourceTree = BUILT_PRODUCTS_DIR; };
/* End PBXFileReference section */

/* Begin PBXFrameworksBuildPhase section */
		BB3F8856212D33A500A797A0 /* Frameworks */ = {
			isa = PBXFrameworksBuildPhase;
			buildActionMask = 2147483647;
			files = (
				A1C996E394E9A2CD45DCE12A /* libPods-ScreenAdaptation.a in Frameworks */,
			);
			runOnlyForDeploymentPostprocessing = 0;
		};
/* End PBXFrameworksBuildPhase section */

/* Begin PBXGroup section */
		185BB50A45A1BD151E8A0097 /* Pods */ = {
			isa = PBXGroup;
			children = (
				BB551BFD835C8B3B5DFAEDF9 /* Pods-ScreenAdaptation.debug.xcconfig */,
				9AFDD990C7581F35C492A600 /* Pods-ScreenAdaptation.release.xcconfig */,
			);
			name = Pods;
			sourceTree = "<group>";
		};
		4BFC06593AED79F2EB68E1B1 /* Frameworks */ = {
			isa = PBXGroup;
			children = (
				D8FD2D11A61C7A2D9334BE8D /* libPods-ScreenAdaptation.a */,
			);
			name = Frameworks;
			sourceTree = "<group>";
		};
		BB3F8850212D33A500A797A0 = {
			isa = PBXGroup;
			children = (
				BB3F885B212D33A500A797A0 /* ScreenAdaptation */,
				BB3F885A212D33A500A797A0 /* Products */,
				185BB50A45A1BD151E8A0097 /* Pods */,
				4BFC06593AED79F2EB68E1B1 /* Frameworks */,
			);
			sourceTree = "<group>";
		};
		BB3F885A212D33A500A797A0 /* Products */ = {
			isa = PBXGroup;
			children = (
				BB3F8859212D33A500A797A0 /* ScreenAdaptation.app */,
			);
			name = Products;
			sourceTree = "<group>";
		};
		BB3F885B212D33A500A797A0 /* ScreenAdaptation */ = {
			isa = PBXGroup;
			children = (
				BB3F8876212D5A7500A797A0 /* PlanA */,
				BB3F887F212D5A7D00A797A0 /* PlanB */,
				BB3F885C212D33A500A797A0 /* AppDelegate.h */,
				BB3F885D212D33A500A797A0 /* AppDelegate.m */,
				BB3F885F212D33A500A797A0 /* ViewController.h */,
				BB3F8860212D33A500A797A0 /* ViewController.m */,
				BB3F8873212D3BC600A797A0 /* HomeTableViewCell.h */,
				BB3F8874212D3BC600A797A0 /* HomeTableViewCell.m */,
				BB3F8872212D342F00A797A0 /* PrefixHeader.pch */,
				BB3F8862212D33A500A797A0 /* Main.storyboard */,
				BB3F8865212D33A700A797A0 /* Assets.xcassets */,
				BB3F8867212D33A700A797A0 /* LaunchScreen.storyboard */,
				BB3F886A212D33A700A797A0 /* Info.plist */,
				BB3F886B212D33A700A797A0 /* main.m */,
			);
			path = ScreenAdaptation;
			sourceTree = "<group>";
		};
		BB3F8876212D5A7500A797A0 /* PlanA */ = {
			isa = PBXGroup;
			children = (
				BBC50390212D5FEE00295ABF /* PlanA-iPhone 8 Plus.png */,
				BBC5038F212D5FEE00295ABF /* PlanA-iPhone 8.png */,
				BBC5038E212D5FEE00295ABF /* PlanA-iPhone SE.png */,
				BBC5038D212D5FEE00295ABF /* PlanA-iPhone X.png */,
			);
			path = PlanA;
			sourceTree = "<group>";
		};
		BB3F887F212D5A7D00A797A0 /* PlanB */ = {
			isa = PBXGroup;
			children = (
				BBA18550212D674A0026765F /* PlanB-iPhone 8 Plus.png */,
				BBA1854E212D674A0026765F /* PlanB-iPhone 8.png */,
				BBA1854F212D674A0026765F /* PlanB-iPhone SE.png */,
				BBA18551212D674A0026765F /* PlanB-PlanB-iPhone X.png */,
			);
			path = PlanB;
			sourceTree = "<group>";
		};
/* End PBXGroup section */

/* Begin PBXNativeTarget section */
		BB3F8858212D33A500A797A0 /* ScreenAdaptation */ = {
			isa = PBXNativeTarget;
			buildConfigurationList = BB3F886F212D33A700A797A0 /* Build configuration list for PBXNativeTarget "ScreenAdaptation" */;
			buildPhases = (
				668D2224F6622E1F2A5F2CF5 /* [CP] Check Pods Manifest.lock */,
				BB3F8855212D33A500A797A0 /* Sources */,
				BB3F8856212D33A500A797A0 /* Frameworks */,
				BB3F8857212D33A500A797A0 /* Resources */,
			);
			buildRules = (
			);
			dependencies = (
			);
			name = ScreenAdaptation;
			productName = ScreenAdaptation;
			productReference = BB3F8859212D33A500A797A0 /* ScreenAdaptation.app */;
			productType = "com.apple.product-type.application";
		};
/* End PBXNativeTarget section */

/* Begin PBXProject section */
		BB3F8851212D33A500A797A0 /* Project object */ = {
			isa = PBXProject;
			attributes = {
				LastUpgradeCheck = 0940;
				ORGANIZATIONNAME = hjb;
				TargetAttributes = {
					BB3F8858212D33A500A797A0 = {
						CreatedOnToolsVersion = 9.4.1;
					};
				};
			};
			buildConfigurationList = BB3F8854212D33A500A797A0 /* Build configuration list for PBXProject "ScreenAdaptation" */;
			compatibilityVersion = "Xcode 9.3";
			developmentRegion = en;
			hasScannedForEncodings = 0;
			knownRegions = (
				en,
				Base,
			);
			mainGroup = BB3F8850212D33A500A797A0;
			productRefGroup = BB3F885A212D33A500A797A0 /* Products */;
			projectDirPath = "";
			projectRoot = "";
			targets = (
				BB3F8858212D33A500A797A0 /* ScreenAdaptation */,
			);
		};
/* End PBXProject section */

/* Begin PBXResourcesBuildPhase section */
		BB3F8857212D33A500A797A0 /* Resources */ = {
			isa = PBXResourcesBuildPhase;
			buildActionMask = 2147483647;
			files = (
				BB3F8869212D33A700A797A0 /* LaunchScreen.storyboard in Resources */,
				BBC50391212D5FEE00295ABF /* PlanA-iPhone X.png in Resources */,
				BBA18552212D674B0026765F /* PlanB-iPhone 8.png in Resources */,
				BB3F8866212D33A700A797A0 /* Assets.xcassets in Resources */,
				BBC50392212D5FEE00295ABF /* PlanA-iPhone SE.png in Resources */,
				BBA18555212D674B0026765F /* PlanB-PlanB-iPhone X.png in Resources */,
				BBA18553212D674B0026765F /* PlanB-iPhone SE.png in Resources */,
				BBC50394212D5FEE00295ABF /* PlanA-iPhone 8 Plus.png in Resources */,
				BBA18554212D674B0026765F /* PlanB-iPhone 8 Plus.png in Resources */,
				BBC50393212D5FEE00295ABF /* PlanA-iPhone 8.png in Resources */,
				BB3F8864212D33A500A797A0 /* Main.storyboard in Resources */,
			);
			runOnlyForDeploymentPostprocessing = 0;
		};
/* End PBXResourcesBuildPhase section */

/* Begin PBXShellScriptBuildPhase section */
		668D2224F6622E1F2A5F2CF5 /* [CP] Check Pods Manifest.lock */ = {
			isa = PBXShellScriptBuildPhase;
			buildActionMask = 2147483647;
			files = (
			);
			inputPaths = (
				"${PODS_PODFILE_DIR_PATH}/Podfile.lock",
				"${PODS_ROOT}/Manifest.lock",
			);
			name = "[CP] Check Pods Manifest.lock";
			outputPaths = (
				"$(DERIVED_FILE_DIR)/Pods-ScreenAdaptation-checkManifestLockResult.txt",
			);
			runOnlyForDeploymentPostprocessing = 0;
			shellPath = /bin/sh;
			shellScript = "diff \"${PODS_PODFILE_DIR_PATH}/Podfile.lock\" \"${PODS_ROOT}/Manifest.lock\" > /dev/null\nif [ $? != 0 ] ; then\n    # print error to STDERR\n    echo \"error: The sandbox is not in sync with the Podfile.lock. Run 'pod install' or update your CocoaPods installation.\" >&2\n    exit 1\nfi\n# This output is used by Xcode 'outputs' to avoid re-running this script phase.\necho \"SUCCESS\" > \"${SCRIPT_OUTPUT_FILE_0}\"\n";
			showEnvVarsInLog = 0;
		};
/* End PBXShellScriptBuildPhase section */

/* Begin PBXSourcesBuildPhase section */
		BB3F8855212D33A500A797A0 /* Sources */ = {
			isa = PBXSourcesBuildPhase;
			buildActionMask = 2147483647;
			files = (
				BB3F8861212D33A500A797A0 /* ViewController.m in Sources */,
				BB3F886C212D33A700A797A0 /* main.m in Sources */,
				BB3F8875212D3BC600A797A0 /* HomeTableViewCell.m in Sources */,
				BB3F885E212D33A500A797A0 /* AppDelegate.m in Sources */,
			);
			runOnlyForDeploymentPostprocessing = 0;
		};
/* End PBXSourcesBuildPhase section */

/* Begin PBXVariantGroup section */
		BB3F8862212D33A500A797A0 /* Main.storyboard */ = {
			isa = PBXVariantGroup;
			children = (
				BB3F8863212D33A500A797A0 /* Base */,
			);
			name = Main.storyboard;
			sourceTree = "<group>";
		};
		BB3F8867212D33A700A797A0 /* LaunchScreen.storyboard */ = {
			isa = PBXVariantGroup;
			children = (
				BB3F8868212D33A700A797A0 /* Base */,
			);
			name = LaunchScreen.storyboard;
			sourceTree = "<group>";
		};
/* End PBXVariantGroup section */

/* Begin XCBuildConfiguration section */
		BB3F886D212D33A700A797A0 /* Debug */ = {
			isa = XCBuildConfiguration;
			buildSettings = {
				ALWAYS_SEARCH_USER_PATHS = NO;
				CLANG_ANALYZER_NONNULL = YES;
				CLANG_ANALYZER_NUMBER_OBJECT_CONVERSION = YES_AGGRESSIVE;
				CLANG_CXX_LANGUAGE_STANDARD = "gnu++14";
				CLANG_CXX_LIBRARY = "libc++";
				CLANG_ENABLE_MODULES = YES;
				CLANG_ENABLE_OBJC_ARC = YES;
				CLANG_ENABLE_OBJC_WEAK = YES;
				CLANG_WARN_BLOCK_CAPTURE_AUTORELEASING = YES;
				CLANG_WARN_BOOL_CONVERSION = YES;
				CLANG_WARN_COMMA = YES;
				CLANG_WARN_CONSTANT_CONVERSION = YES;
				CLANG_WARN_DEPRECATED_OBJC_IMPLEMENTATIONS = YES;
				CLANG_WARN_DIRECT_OBJC_ISA_USAGE = YES_ERROR;
				CLANG_WARN_DOCUMENTATION_COMMENTS = YES;
				CLANG_WARN_EMPTY_BODY = YES;
				CLANG_WARN_ENUM_CONVERSION = YES;
				CLANG_WARN_INFINITE_RECURSION = YES;
				CLANG_WARN_INT_CONVERSION = YES;
				CLANG_WARN_NON_LITERAL_NULL_CONVERSION = YES;
				CLANG_WARN_OBJC_IMPLICIT_RETAIN_SELF = YES;
				CLANG_WARN_OBJC_LITERAL_CONVERSION = YES;
				CLANG_WARN_OBJC_ROOT_CLASS = YES_ERROR;
				CLANG_WARN_RANGE_LOOP_ANALYSIS = YES;
				CLANG_WARN_STRICT_PROTOTYPES = YES;
				CLANG_WARN_SUSPICIOUS_MOVE = YES;
				CLANG_WARN_UNGUARDED_AVAILABILITY = YES_AGGRESSIVE;
				CLANG_WARN_UNREACHABLE_CODE = YES;
				CLANG_WARN__DUPLICATE_METHOD_MATCH = YES;
				CODE_SIGN_IDENTITY = "iPhone Developer";
				COPY_PHASE_STRIP = NO;
				DEBUG_INFORMATION_FORMAT = dwarf;
				ENABLE_STRICT_OBJC_MSGSEND = YES;
				ENABLE_TESTABILITY = YES;
				GCC_C_LANGUAGE_STANDARD = gnu11;
				GCC_DYNAMIC_NO_PIC = NO;
				GCC_NO_COMMON_BLOCKS = YES;
				GCC_OPTIMIZATION_LEVEL = 0;
				GCC_PREPROCESSOR_DEFINITIONS = (
					"DEBUG=1",
					"$(inherited)",
				);
				GCC_WARN_64_TO_32_BIT_CONVERSION = YES;
				GCC_WARN_ABOUT_RETURN_TYPE = YES_ERROR;
				GCC_WARN_UNDECLARED_SELECTOR = YES;
				GCC_WARN_UNINITIALIZED_AUTOS = YES_AGGRESSIVE;
				GCC_WARN_UNUSED_FUNCTION = YES;
				GCC_WARN_UNUSED_VARIABLE = YES;
				IPHONEOS_DEPLOYMENT_TARGET = 11.4;
				MTL_ENABLE_DEBUG_INFO = YES;
				ONLY_ACTIVE_ARCH = YES;
				SDKROOT = iphoneos;
			};
			name = Debug;
		};
		BB3F886E212D33A700A797A0 /* Release */ = {
			isa = XCBuildConfiguration;
			buildSettings = {
				ALWAYS_SEARCH_USER_PATHS = NO;
				CLANG_ANALYZER_NONNULL = YES;
				CLANG_ANALYZER_NUMBER_OBJECT_CONVERSION = YES_AGGRESSIVE;
				CLANG_CXX_LANGUAGE_STANDARD = "gnu++14";
				CLANG_CXX_LIBRARY = "libc++";
				CLANG_ENABLE_MODULES = YES;
				CLANG_ENABLE_OBJC_ARC = YES;
				CLANG_ENABLE_OBJC_WEAK = YES;
				CLANG_WARN_BLOCK_CAPTURE_AUTORELEASING = YES;
				CLANG_WARN_BOOL_CONVERSION = YES;
				CLANG_WARN_COMMA = YES;
				CLANG_WARN_CONSTANT_CONVERSION = YES;
				CLANG_WARN_DEPRECATED_OBJC_IMPLEMENTATIONS = YES;
				CLANG_WARN_DIRECT_OBJC_ISA_USAGE = YES_ERROR;
				CLANG_WARN_DOCUMENTATION_COMMENTS = YES;
				CLANG_WARN_EMPTY_BODY = YES;
				CLANG_WARN_ENUM_CONVERSION = YES;
				CLANG_WARN_INFINITE_RECURSION = YES;
				CLANG_WARN_INT_CONVERSION = YES;
				CLANG_WARN_NON_LITERAL_NULL_CONVERSION = YES;
				CLANG_WARN_OBJC_IMPLICIT_RETAIN_SELF = YES;
				CLANG_WARN_OBJC_LITERAL_CONVERSION = YES;
				CLANG_WARN_OBJC_ROOT_CLASS = YES_ERROR;
				CLANG_WARN_RANGE_LOOP_ANALYSIS = YES;
				CLANG_WARN_STRICT_PROTOTYPES = YES;
				CLANG_WARN_SUSPICIOUS_MOVE = YES;
				CLANG_WARN_UNGUARDED_AVAILABILITY = YES_AGGRESSIVE;
				CLANG_WARN_UNREACHABLE_CODE = YES;
				CLANG_WARN__DUPLICATE_METHOD_MATCH = YES;
				CODE_SIGN_IDENTITY = "iPhone Developer";
				COPY_PHASE_STRIP = NO;
				DEBUG_INFORMATION_FORMAT = "dwarf-with-dsym";
				ENABLE_NS_ASSERTIONS = NO;
				ENABLE_STRICT_OBJC_MSGSEND = YES;
				GCC_C_LANGUAGE_STANDARD = gnu11;
				GCC_NO_COMMON_BLOCKS = YES;
				GCC_WARN_64_TO_32_BIT_CONVERSION = YES;
				GCC_WARN_ABOUT_RETURN_TYPE = YES_ERROR;
				GCC_WARN_UNDECLARED_SELECTOR = YES;
				GCC_WARN_UNINITIALIZED_AUTOS = YES_AGGRESSIVE;
				GCC_WARN_UNUSED_FUNCTION = YES;
				GCC_WARN_UNUSED_VARIABLE = YES;
				IPHONEOS_DEPLOYMENT_TARGET = 11.4;
				MTL_ENABLE_DEBUG_INFO = NO;
				SDKROOT = iphoneos;
				VALIDATE_PRODUCT = YES;
			};
			name = Release;
		};
		BB3F8870212D33A700A797A0 /* Debug */ = {
			isa = XCBuildConfiguration;
			baseConfigurationReference = BB551BFD835C8B3B5DFAEDF9 /* Pods-ScreenAdaptation.debug.xcconfig */;
			buildSettings = {
				ASSETCATALOG_COMPILER_APPICON_NAME = AppIcon;
				CODE_SIGN_STYLE = Automatic;
				DEVELOPMENT_TEAM = 7BJJ5HEDBX;
				GCC_PREFIX_HEADER = "$(SRCROOT)/ScreenAdaptation/PrefixHeader.pch";
				INFOPLIST_FILE = ScreenAdaptation/Info.plist;
				IPHONEOS_DEPLOYMENT_TARGET = 9.0;
				LD_RUNPATH_SEARCH_PATHS = (
					"$(inherited)",
					"@executable_path/Frameworks",
				);
				PRODUCT_BUNDLE_IDENTIFIER = com.hjb.ScreenAdaptation;
				PRODUCT_NAME = "$(TARGET_NAME)";
				TARGETED_DEVICE_FAMILY = "1,2";
			};
			name = Debug;
		};
		BB3F8871212D33A700A797A0 /* Release */ = {
			isa = XCBuildConfiguration;
			baseConfigurationReference = 9AFDD990C7581F35C492A600 /* Pods-ScreenAdaptation.release.xcconfig */;
			buildSettings = {
				ASSETCATALOG_COMPILER_APPICON_NAME = AppIcon;
				CODE_SIGN_STYLE = Automatic;
				DEVELOPMENT_TEAM = 7BJJ5HEDBX;
				GCC_PREFIX_HEADER = "$(SRCROOT)/ScreenAdaptation/PrefixHeader.pch";
				INFOPLIST_FILE = ScreenAdaptation/Info.plist;
				IPHONEOS_DEPLOYMENT_TARGET = 9.0;
				LD_RUNPATH_SEARCH_PATHS = (
					"$(inherited)",
					"@executable_path/Frameworks",
				);
				PRODUCT_BUNDLE_IDENTIFIER = com.hjb.ScreenAdaptation;
				PRODUCT_NAME = "$(TARGET_NAME)";
				TARGETED_DEVICE_FAMILY = "1,2";
			};
			name = Release;
		};
/* End XCBuildConfiguration section */

/* Begin XCConfigurationList section */
		BB3F8854212D33A500A797A0 /* Build configuration list for PBXProject "ScreenAdaptation" */ = {
			isa = XCConfigurationList;
			buildConfigurations = (
				BB3F886D212D33A700A797A0 /* Debug */,
				BB3F886E212D33A700A797A0 /* Release */,
			);
			defaultConfigurationIsVisible = 0;
			defaultConfigurationName = Release;
		};
		BB3F886F212D33A700A797A0 /* Build configuration list for PBXNativeTarget "ScreenAdaptation" */ = {
			isa = XCConfigurationList;
			buildConfigurations = (
				BB3F8870212D33A700A797A0 /* Debug */,
				BB3F8871212D33A700A797A0 /* Release */,
			);
			defaultConfigurationIsVisible = 0;
			defaultConfigurationName = Release;
		};
/* End XCConfigurationList section */
	};
	rootObject = BB3F8851212D33A500A797A0 /* Project object */;
}
